<?xml version="1.0" encoding="UTF-8"?>
<Scheme
   version = "1.3">
   <BuildAction>
      <BuildActionEntries>
         <BuildActionEntry
            buildForRunning = "YES">
            <BuildableReference
               BuildableIdentifier = "primary"
               BlueprintIdentifier = "E4E708CCF57370479B726D29"
               BuildableName = "OptimizeCollectionView.app"
               BlueprintName = "OptimizeCollectionView"
               ReferencedContainer = "container:OptimizeCollectionView.xcodeproj">
            </BuildableReference>
         </BuildActionEntry>
      </BuildActionEntries>
   </BuildAction>
   <LaunchAction
      useCustomWorkingDirectory = "NO"
      buildConfiguration = "Debug"
      allowLocationSimulation = "YES">
      <BuildableProductRunnable>
         <BuildableReference
            BuildableIdentifier = "primary"
            BlueprintIdentifier = "E4E708CCF57370479B726D29"
            BuildableName = "OptimizeCollectionView.app"
            BlueprintName = "OptimizeCollectionView"
            ReferencedContainer = "container:OptimizeCollectionView.xcodeproj">
         </BuildableReference>
      </BuildableProductRunnable>
   </LaunchAction>
</Scheme>
